
Microsoft Visual Studio Solution File, Format Version 12.00
# Visual Studio 15
VisualStudioVersion = 15.0.27004.2002
MinimumVisualStudioVersion = 10.0.40219.1
Project("{FAE04EC0-301F-11D3-BF4B-00C04F79EFBC}") = "SmartSensors", "SmartSensors\SmartSensors.csproj", "{B954CAA8-201F-43BC-AE21-FA1DACDD3033}"
EndProject
Project("{FAE04EC0-301F-11D3-BF4B-00C04F79EFBC}") = "SmartSensors.UnitTests", "SmartSensors.Tests\SmartSensors.UnitTests.csproj", "{BEB64495-2F43-4EAB-9D34-C975F3C7042F}"
EndProject
Project("{FAE04EC0-301F-11D3-BF4B-00C04F79EFBC}") = "SmartSensors.Data", "SmartSensors.Data\SmartSensors.Data.csproj", "{741FA6E6-2A50-4001-83F0-E9EF24CDD2B2}"
EndProject
Project("{FAE04EC0-301F-11D3-BF4B-00C04F79EFBC}") = "SmartSensors.Service", "SmartSensors.Service\SmartSensors.Service.csproj", "{894DE883-990E-4FBF-A211-2CF821514FE1}"
EndProject
Project("{FAE04EC0-301F-11D3-BF4B-00C04F79EFBC}") = "SmartSensors.Service.UnitTests", "SmartSensors.Service.UnitTests\SmartSensors.Service.UnitTests.csproj", "{87A2084C-DCFB-44ED-ACCB-B1471AB21BF8}"
EndProject
Global
	GlobalSection(SolutionConfigurationPlatforms) = preSolution
		Debug|Any CPU = Debug|Any CPU
		Release|Any CPU = Release|Any CPU
	EndGlobalSection
	GlobalSection(ProjectConfigurationPlatforms) = postSolution
		{B954CAA8-201F-43BC-AE21-FA1DACDD3033}.Debug|Any CPU.ActiveCfg = Debug|Any CPU
		{B954CAA8-201F-43BC-AE21-FA1DACDD3033}.Debug|Any CPU.Build.0 = Debug|Any CPU
		{B954CAA8-201F-43BC-AE21-FA1DACDD3033}.Release|Any CPU.ActiveCfg = Release|Any CPU
		{B954CAA8-201F-43BC-AE21-FA1DACDD3033}.Release|Any CPU.Build.0 = Release|Any CPU
		{BEB64495-2F43-4EAB-9D34-C975F3C7042F}.Debug|Any CPU.ActiveCfg = Debug|Any CPU
		{BEB64495-2F43-4EAB-9D34-C975F3C7042F}.Debug|Any CPU.Build.0 = Debug|Any CPU
		{BEB64495-2F43-4EAB-9D34-C975F3C7042F}.Release|Any CPU.ActiveCfg = Release|Any CPU
		{BEB64495-2F43-4EAB-9D34-C975F3C7042F}.Release|Any CPU.Build.0 = Release|Any CPU
		{741FA6E6-2A50-4001-83F0-E9EF24CDD2B2}.Debug|Any CPU.ActiveCfg = Debug|Any CPU
		{741FA6E6-2A50-4001-83F0-E9EF24CDD2B2}.Debug|Any CPU.Build.0 = Debug|Any CPU
		{741FA6E6-2A50-4001-83F0-E9EF24CDD2B2}.Release|Any CPU.ActiveCfg = Release|Any CPU
		{741FA6E6-2A50-4001-83F0-E9EF24CDD2B2}.Release|Any CPU.Build.0 = Release|Any CPU
		{894DE883-990E-4FBF-A211-2CF821514FE1}.Debug|Any CPU.ActiveCfg = Debug|Any CPU
		{894DE883-990E-4FBF-A211-2CF821514FE1}.Debug|Any CPU.Build.0 = Debug|Any CPU
		{894DE883-990E-4FBF-A211-2CF821514FE1}.Release|Any CPU.ActiveCfg = Release|Any CPU
		{894DE883-990E-4FBF-A211-2CF821514FE1}.Release|Any CPU.Build.0 = Release|Any CPU
		{87A2084C-DCFB-44ED-ACCB-B1471AB21BF8}.Debug|Any CPU.ActiveCfg = Debug|Any CPU
		{87A2084C-DCFB-44ED-ACCB-B1471AB21BF8}.Debug|Any CPU.Build.0 = Debug|Any CPU
		{87A2084C-DCFB-44ED-ACCB-B1471AB21BF8}.Release|Any CPU.ActiveCfg = Release|Any CPU
		{87A2084C-DCFB-44ED-ACCB-B1471AB21BF8}.Release|Any CPU.Build.0 = Release|Any CPU
	EndGlobalSection
	GlobalSection(SolutionProperties) = preSolution
		HideSolutionNode = FALSE
	EndGlobalSection
	GlobalSection(ExtensibilityGlobals) = postSolution
		SolutionGuid = {6C5FD754-21E6-403E-84C0-F5204DFF3DEB}
	EndGlobalSection
EndGlobal
